Microsoft Visual Studio Solution File, Format Version 12.00
# Visual Studio Version 17
VisualStudioVersion = 17.5.2.0
MinimumVisualStudioVersion = 10.0.40219.1
Project("{FAE04EC0-301F-11D3-BF4B-00C04F79EFBC}") = "EmployeeApi", "EmployeeApi.csproj", "{AC833B02-7B83-2217-828E-6302F6608E18}"
EndProject
Project("{2150E333-8FDC-42A3-9474-1A3956D46DE8}") = "Middleware", "Middleware", "{4C86A2A1-2F52-3065-EDF8-D8D96FEEEBD5}"
EndProject
Project("{2150E333-8FDC-42A3-9474-1A3956D46DE8}") = "Validators", "Validators", "{FE57F9AD-E446-41C3-ED12-0558F81F43A9}"
EndProject
Global
	GlobalSection(SolutionConfigurationPlatforms) = preSolution
		Debug|Any CPU = Debug|Any CPU
		Release|Any CPU = Release|Any CPU
	EndGlobalSection
	GlobalSection(ProjectConfigurationPlatforms) = postSolution
		{AC833B02-7B83-2217-828E-6302F6608E18}.Debug|Any CPU.ActiveCfg = Debug|Any CPU
		{AC833B02-7B83-2217-828E-6302F6608E18}.Debug|Any CPU.Build.0 = Debug|Any CPU
		{AC833B02-7B83-2217-828E-6302F6608E18}.Release|Any CPU.ActiveCfg = Release|Any CPU
		{AC833B02-7B83-2217-828E-6302F6608E18}.Release|Any CPU.Build.0 = Release|Any CPU
	EndGlobalSection
	GlobalSection(SolutionProperties) = preSolution
		HideSolutionNode = FALSE
	EndGlobalSection
	GlobalSection(ExtensibilityGlobals) = postSolution
		SolutionGuid = {F7CBD3FB-1E90-4DD6-A32C-EC7E0A823C71}
	EndGlobalSection
EndGlobal
